
Microsoft Visual Studio Solution File, Format Version 12.00
# Visual Studio Version 17
VisualStudioVersion = 17.0.32112.339
MinimumVisualStudioVersion = 10.0.40219.1
Project("{9A19103F-16F7-4668-BE54-9A1E7A4F7556}") = "KFKWS3_HFT_2021221.Client", "KFKWS3_HFT_2021221.Client\KFKWS3_HFT_2021221.Client.csproj", "{04F28337-FCF2-4175-9F02-7CE3B34CED54}"
EndProject
Project("{9A19103F-16F7-4668-BE54-9A1E7A4F7556}") = "KFKWS3_HFT_2021221.Models", "KFKWS3_HFT_2021221.Models\KFKWS3_HFT_2021221.Models.csproj", "{ED71D726-D911-4DFA-ADB4-90E2A2186487}"
EndProject
Project("{9A19103F-16F7-4668-BE54-9A1E7A4F7556}") = "KFKWS3_HFT_2021221.Data", "KFKWS3_HFT_2021221.Data\KFKWS3_HFT_2021221.Data.csproj", "{75C3E3D8-0245-4BEC-9E71-6DED4DC0CF16}"
EndProject
Project("{9A19103F-16F7-4668-BE54-9A1E7A4F7556}") = "KFKWS3_HFT_2021221.Logic", "KFKWS3_HFT_2021221.Logic\KFKWS3_HFT_2021221.Logic.csproj", "{5BC5F3C3-19B4-4CE1-A909-265740B8DA23}"
EndProject
Project("{9A19103F-16F7-4668-BE54-9A1E7A4F7556}") = "KFKWS3_HFT_2021221.Repository", "KFKWS3_HFT_2021221.Repository\KFKWS3_HFT_2021221.Repository.csproj", "{FC644417-5CB4-4462-AF14-DAA066332ECC}"
EndProject
Project("{9A19103F-16F7-4668-BE54-9A1E7A4F7556}") = "KFKWS3_HFT_2021221.Endpoint", "KFKWS3_HFT_2021221.Endpoint\KFKWS3_HFT_2021221.Endpoint.csproj", "{4C3CACB1-E9FF-450D-8D23-00F70954F07A}"
EndProject
Project("{9A19103F-16F7-4668-BE54-9A1E7A4F7556}") = "KFKWS3_HFT_2021221.Test", "KFKWS3_HFT_2021221.Test\KFKWS3_HFT_2021221.Test.csproj", "{88B219DE-942B-4DD0-A3C9-07681BA1AEB2}"
EndProject
Project("{2150E333-8FDC-42A3-9474-1A3956D46DE8}") = "Backend", "Backend", "{E59B7731-FAE0-4B2E-B575-2709E899EE9E}"
EndProject
Project("{2150E333-8FDC-42A3-9474-1A3956D46DE8}") = "Frontend", "Frontend", "{AB84B9CF-CE1F-483C-8FF5-376928ED5323}"
EndProject
Project("{2150E333-8FDC-42A3-9474-1A3956D46DE8}") = "Shared", "Shared", "{6778943D-2948-47A7-84B5-71C7F49ACF2A}"
EndProject
Project("{2150E333-8FDC-42A3-9474-1A3956D46DE8}") = "Others", "Others", "{66B0074E-ED81-47A2-8BDB-C24589FC010C}"
	ProjectSection(SolutionItems) = preProject
		.gitignore = .gitignore
	EndProjectSection
EndProject
Project("{FAE04EC0-301F-11D3-BF4B-00C04F79EFBC}") = "KFKWS3_HFT_2021221.GUI", "WpfClient\KFKWS3_HFT_2021221.GUI.csproj", "{BAB17DB1-E921-4EF2-A251-40C04BFC1CC5}"
EndProject
Global
	GlobalSection(SolutionConfigurationPlatforms) = preSolution
		Debug|Any CPU = Debug|Any CPU
		Release|Any CPU = Release|Any CPU
	EndGlobalSection
	GlobalSection(ProjectConfigurationPlatforms) = postSolution
		{04F28337-FCF2-4175-9F02-7CE3B34CED54}.Debug|Any CPU.ActiveCfg = Debug|Any CPU
		{04F28337-FCF2-4175-9F02-7CE3B34CED54}.Debug|Any CPU.Build.0 = Debug|Any CPU
		{04F28337-FCF2-4175-9F02-7CE3B34CED54}.Release|Any CPU.ActiveCfg = Release|Any CPU
		{04F28337-FCF2-4175-9F02-7CE3B34CED54}.Release|Any CPU.Build.0 = Release|Any CPU
		{ED71D726-D911-4DFA-ADB4-90E2A2186487}.Debug|Any CPU.ActiveCfg = Debug|Any CPU
		{ED71D726-D911-4DFA-ADB4-90E2A2186487}.Debug|Any CPU.Build.0 = Debug|Any CPU
		{ED71D726-D911-4DFA-ADB4-90E2A2186487}.Release|Any CPU.ActiveCfg = Release|Any CPU
		{ED71D726-D911-4DFA-ADB4-90E2A2186487}.Release|Any CPU.Build.0 = Release|Any CPU
		{75C3E3D8-0245-4BEC-9E71-6DED4DC0CF16}.Debug|Any CPU.ActiveCfg = Debug|Any CPU
		{75C3E3D8-0245-4BEC-9E71-6DED4DC0CF16}.Debug|Any CPU.Build.0 = Debug|Any CPU
		{75C3E3D8-0245-4BEC-9E71-6DED4DC0CF16}.Release|Any CPU.ActiveCfg = Release|Any CPU
		{75C3E3D8-0245-4BEC-9E71-6DED4DC0CF16}.Release|Any CPU.Build.0 = Release|Any CPU
		{5BC5F3C3-19B4-4CE1-A909-265740B8DA23}.Debug|Any CPU.ActiveCfg = Debug|Any CPU
		{5BC5F3C3-19B4-4CE1-A909-265740B8DA23}.Debug|Any CPU.Build.0 = Debug|Any CPU
		{5BC5F3C3-19B4-4CE1-A909-265740B8DA23}.Release|Any CPU.ActiveCfg = Release|Any CPU
		{5BC5F3C3-19B4-4CE1-A909-265740B8DA23}.Release|Any CPU.Build.0 = Release|Any CPU
		{FC644417-5CB4-4462-AF14-DAA066332ECC}.Debug|Any CPU.ActiveCfg = Debug|Any CPU
		{FC644417-5CB4-4462-AF14-DAA066332ECC}.Debug|Any CPU.Build.0 = Debug|Any CPU
		{FC644417-5CB4-4462-AF14-DAA066332ECC}.Release|Any CPU.ActiveCfg = Release|Any CPU
		{FC644417-5CB4-4462-AF14-DAA066332ECC}.Release|Any CPU.Build.0 = Release|Any CPU
		{4C3CACB1-E9FF-450D-8D23-00F70954F07A}.Debug|Any CPU.ActiveCfg = Debug|Any CPU
		{4C3CACB1-E9FF-450D-8D23-00F70954F07A}.Debug|Any CPU.Build.0 = Debug|Any CPU
		{4C3CACB1-E9FF-450D-8D23-00F70954F07A}.Release|Any CPU.ActiveCfg = Release|Any CPU
		{4C3CACB1-E9FF-450D-8D23-00F70954F07A}.Release|Any CPU.Build.0 = Release|Any CPU
		{88B219DE-942B-4DD0-A3C9-07681BA1AEB2}.Debug|Any CPU.ActiveCfg = Debug|Any CPU
		{88B219DE-942B-4DD0-A3C9-07681BA1AEB2}.Debug|Any CPU.Build.0 = Debug|Any CPU
		{88B219DE-942B-4DD0-A3C9-07681BA1AEB2}.Release|Any CPU.ActiveCfg = Release|Any CPU
		{88B219DE-942B-4DD0-A3C9-07681BA1AEB2}.Release|Any CPU.Build.0 = Release|Any CPU
		{BAB17DB1-E921-4EF2-A251-40C04BFC1CC5}.Debug|Any CPU.ActiveCfg = Debug|Any CPU
		{BAB17DB1-E921-4EF2-A251-40C04BFC1CC5}.Debug|Any CPU.Build.0 = Debug|Any CPU
		{BAB17DB1-E921-4EF2-A251-40C04BFC1CC5}.Release|Any CPU.ActiveCfg = Release|Any CPU
		{BAB17DB1-E921-4EF2-A251-40C04BFC1CC5}.Release|Any CPU.Build.0 = Release|Any CPU
	EndGlobalSection
	GlobalSection(SolutionProperties) = preSolution
		HideSolutionNode = FALSE
	EndGlobalSection
	GlobalSection(NestedProjects) = preSolution
		{04F28337-FCF2-4175-9F02-7CE3B34CED54} = {AB84B9CF-CE1F-483C-8FF5-376928ED5323}
		{ED71D726-D911-4DFA-ADB4-90E2A2186487} = {6778943D-2948-47A7-84B5-71C7F49ACF2A}
		{75C3E3D8-0245-4BEC-9E71-6DED4DC0CF16} = {E59B7731-FAE0-4B2E-B575-2709E899EE9E}
		{5BC5F3C3-19B4-4CE1-A909-265740B8DA23} = {E59B7731-FAE0-4B2E-B575-2709E899EE9E}
		{FC644417-5CB4-4462-AF14-DAA066332ECC} = {E59B7731-FAE0-4B2E-B575-2709E899EE9E}
		{4C3CACB1-E9FF-450D-8D23-00F70954F07A} = {E59B7731-FAE0-4B2E-B575-2709E899EE9E}
		{88B219DE-942B-4DD0-A3C9-07681BA1AEB2} = {E59B7731-FAE0-4B2E-B575-2709E899EE9E}
		{BAB17DB1-E921-4EF2-A251-40C04BFC1CC5} = {AB84B9CF-CE1F-483C-8FF5-376928ED5323}
	EndGlobalSection
	GlobalSection(ExtensibilityGlobals) = postSolution
		SolutionGuid = {4E4D14AD-FAD1-4EAB-9911-8BDD7401AF6D}
	EndGlobalSection
EndGlobal
